
Microsoft Visual Studio Solution File, Format Version 12.00
# Visual Studio 2012
Project("{FAE04EC0-301F-11D3-BF4B-00C04F79EFBC}") = "ReflectItEasy", "ReflectItEasy\ReflectItEasy.csproj", "{53B146A5-FC65-44E8-AE69-2F3CD1E04272}"
EndProject
Global
	GlobalSection(SolutionConfigurationPlatforms) = preSolution
		Debug|Any CPU = Debug|Any CPU
		Release|Any CPU = Release|Any CPU
	EndGlobalSection
	GlobalSection(ProjectConfigurationPlatforms) = postSolution
		{53B146A5-FC65-44E8-AE69-2F3CD1E04272}.Debug|Any CPU.ActiveCfg = Debug|Any CPU
		{53B146A5-FC65-44E8-AE69-2F3CD1E04272}.Debug|Any CPU.Build.0 = Debug|Any CPU
		{53B146A5-FC65-44E8-AE69-2F3CD1E04272}.Release|Any CPU.ActiveCfg = Release|Any CPU
		{53B146A5-FC65-44E8-AE69-2F3CD1E04272}.Release|Any CPU.Build.0 = Release|Any CPU
	EndGlobalSection
	GlobalSection(SolutionProperties) = preSolution
		HideSolutionNode = FALSE
	EndGlobalSection
EndGlobal
